
Microsoft Visual Studio Solution File, Format Version 12.00
# Visual Studio Version 16
VisualStudioVersion = 16.0.31025.194
MinimumVisualStudioVersion = 10.0.40219.1
Project("{FAE04EC0-301F-11D3-BF4B-00C04F79EFBC}") = "MRPApp", "MRPApp\MRPApp.csproj", "{9FD07080-99C1-446D-8095-E53E4BEC2202}"
EndProject
Global
	GlobalSection(SolutionConfigurationPlatforms) = preSolution
		Debug|Any CPU = Debug|Any CPU
		Release|Any CPU = Release|Any CPU
	EndGlobalSection
	GlobalSection(ProjectConfigurationPlatforms) = postSolution
		{9FD07080-99C1-446D-8095-E53E4BEC2202}.Debug|Any CPU.ActiveCfg = Debug|Any CPU
		{9FD07080-99C1-446D-8095-E53E4BEC2202}.Debug|Any CPU.Build.0 = Debug|Any CPU
		{9FD07080-99C1-446D-8095-E53E4BEC2202}.Release|Any CPU.ActiveCfg = Release|Any CPU
		{9FD07080-99C1-446D-8095-E53E4BEC2202}.Release|Any CPU.Build.0 = Release|Any CPU
	EndGlobalSection
	GlobalSection(SolutionProperties) = preSolution
		HideSolutionNode = FALSE
	EndGlobalSection
	GlobalSection(ExtensibilityGlobals) = postSolution
		SolutionGuid = {BD858FFD-DE82-4BF0-9AF4-4DB8CD19CD71}
	EndGlobalSection
EndGlobal
